// !$*UTF8*$!
{
	archiveVersion = 1;
	classes = {
	};
	objectVersion = 46;
	objects = {

/* Begin PBXBuildFile section */
		7B6C04A718A35D6500A93EB4 /* Foundation.framework in Frameworks */ = {isa = PBXBuildFile; fileRef = 7B6C04A618A35D6500A93EB4 /* Foundation.framework */; };
		7B6C04A918A35D6500A93EB4 /* CoreGraphics.framework in Frameworks */ = {isa = PBXBuildFile; fileRef = 7B6C04A818A35D6500A93EB4 /* CoreGraphics.framework */; };
		7B6C04AB18A35D6500A93EB4 /* UIKit.framework in Frameworks */ = {isa = PBXBuildFile; fileRef = 7B6C04AA18A35D6500A93EB4 /* UIKit.framework */; };
		7B6C04B118A35D6500A93EB4 /* InfoPlist.strings in Resources */ = {isa = PBXBuildFile; fileRef = 7B6C04AF18A35D6500A93EB4 /* InfoPlist.strings */; };
		7B6C04B318A35D6500A93EB4 /* main.m in Sources */ = {isa = PBXBuildFile; fileRef = 7B6C04B218A35D6500A93EB4 /* main.m */; };
		7B6C04B718A35D6500A93EB4 /* MTAAppDelegate.m in Sources */ = {isa = PBXBuildFile; fileRef = 7B6C04B618A35D6500A93EB4 /* MTAAppDelegate.m */; };
		7B6C04BA18A35D6500A93EB4 /* Main.storyboard in Resources */ = {isa = PBXBuildFile; fileRef = 7B6C04B818A35D6500A93EB4 /* Main.storyboard */; };
		7B6C04BD18A35D6500A93EB4 /* MTAHomeViewController.m in Sources */ = {isa = PBXBuildFile; fileRef = 7B6C04BC18A35D6500A93EB4 /* MTAHomeViewController.m */; };
		7B6C04BF18A35D6500A93EB4 /* Images.xcassets in Resources */ = {isa = PBXBuildFile; fileRef = 7B6C04BE18A35D6500A93EB4 /* Images.xcassets */; };
		7B6C04C618A35D6600A93EB4 /* XCTest.framework in Frameworks */ = {isa = PBXBuildFile; fileRef = 7B6C04C518A35D6600A93EB4 /* XCTest.framework */; };
		7B6C04C718A35D6600A93EB4 /* Foundation.framework in Frameworks */ = {isa = PBXBuildFile; fileRef = 7B6C04A618A35D6500A93EB4 /* Foundation.framework */; };
		7B6C04C818A35D6600A93EB4 /* UIKit.framework in Frameworks */ = {isa = PBXBuildFile; fileRef = 7B6C04AA18A35D6500A93EB4 /* UIKit.framework */; };
		7B6C04D018A35D6600A93EB4 /* InfoPlist.strings in Resources */ = {isa = PBXBuildFile; fileRef = 7B6C04CE18A35D6600A93EB4 /* InfoPlist.strings */; };
		7B6C04D218A35D6600A93EB4 /* MacysTestApplicationTests.m in Sources */ = {isa = PBXBuildFile; fileRef = 7B6C04D118A35D6600A93EB4 /* MacysTestApplicationTests.m */; };
		7B6C04E218A38B2400A93EB4 /* MTADetailViewController.m in Sources */ = {isa = PBXBuildFile; fileRef = 7B6C04E018A38B2400A93EB4 /* MTADetailViewController.m */; };
		7B6C04E318A38B2400A93EB4 /* MTADetailViewController.xib in Resources */ = {isa = PBXBuildFile; fileRef = 7B6C04E118A38B2400A93EB4 /* MTADetailViewController.xib */; };
/* End PBXBuildFile section */

/* Begin PBXContainerItemProxy section */
		7B6C04C918A35D6600A93EB4 /* PBXContainerItemProxy */ = {
			isa = PBXContainerItemProxy;
			containerPortal = 7B6C049B18A35D6500A93EB4 /* Project object */;
			proxyType = 1;
			remoteGlobalIDString = 7B6C04A218A35D6500A93EB4;
			remoteInfo = MacysTestApplication;
		};
/* End PBXContainerItemProxy section */

/* Begin PBXFileReference section */
		7B6C04A318A35D6500A93EB4 /* MacysTestApplication.app */ = {isa = PBXFileReference; explicitFileType = wrapper.application; includeInIndex = 0; path = MacysTestApplication.app; sourceTree = BUILT_PRODUCTS_DIR; };
		7B6C04A618A35D6500A93EB4 /* Foundation.framework */ = {isa = PBXFileReference; lastKnownFileType = wrapper.framework; name = Foundation.framework; path = System/Library/Frameworks/Foundation.framework; sourceTree = SDKROOT; };
		7B6C04A818A35D6500A93EB4 /* CoreGraphics.framework */ = {isa = PBXFileReference; lastKnownFileType = wrapper.framework; name = CoreGraphics.framework; path = System/Library/Frameworks/CoreGraphics.framework; sourceTree = SDKROOT; };
		7B6C04AA18A35D6500A93EB4 /* UIKit.framework */ = {isa = PBXFileReference; lastKnownFileType = wrapper.framework; name = UIKit.framework; path = System/Library/Frameworks/UIKit.framework; sourceTree = SDKROOT; };
		7B6C04AE18A35D6500A93EB4 /* MacysTestApplication-Info.plist */ = {isa = PBXFileReference; lastKnownFileType = text.plist.xml; path = "MacysTestApplication-Info.plist"; sourceTree = "<group>"; };
		7B6C04B018A35D6500A93EB4 /* en */ = {isa = PBXFileReference; lastKnownFileType = text.plist.strings; name = en; path = en.lproj/InfoPlist.strings; sourceTree = "<group>"; };
		7B6C04B218A35D6500A93EB4 /* main.m */ = {isa = PBXFileReference; lastKnownFileType = sourcecode.c.objc; path = main.m; sourceTree = "<group>"; };
		7B6C04B418A35D6500A93EB4 /* MacysTestApplication-Prefix.pch */ = {isa = PBXFileReference; lastKnownFileType = sourcecode.c.h; path = "MacysTestApplication-Prefix.pch"; sourceTree = "<group>"; };
		7B6C04B518A35D6500A93EB4 /* MTAAppDelegate.h */ = {isa = PBXFileReference; lastKnownFileType = sourcecode.c.h; path = MTAAppDelegate.h; sourceTree = "<group>"; };
		7B6C04B618A35D6500A93EB4 /* MTAAppDelegate.m */ = {isa = PBXFileReference; lastKnownFileType = sourcecode.c.objc; path = MTAAppDelegate.m; sourceTree = "<group>"; };
		7B6C04B918A35D6500A93EB4 /* Base */ = {isa = PBXFileReference; lastKnownFileType = file.storyboard; name = Base; path = Base.lproj/Main.storyboard; sourceTree = "<group>"; };
		7B6C04BB18A35D6500A93EB4 /* MTAHomeViewController.h */ = {isa = PBXFileReference; lastKnownFileType = sourcecode.c.h; path = MTAHomeViewController.h; sourceTree = "<group>"; };
		7B6C04BC18A35D6500A93EB4 /* MTAHomeViewController.m */ = {isa = PBXFileReference; lastKnownFileType = sourcecode.c.objc; path = MTAHomeViewController.m; sourceTree = "<group>"; };
		7B6C04BE18A35D6500A93EB4 /* Images.xcassets */ = {isa = PBXFileReference; lastKnownFileType = folder.assetcatalog; path = Images.xcassets; sourceTree = "<group>"; };
		7B6C04C418A35D6600A93EB4 /* MacysTestApplicationTests.xctest */ = {isa = PBXFileReference; explicitFileType = wrapper.cfbundle; includeInIndex = 0; path = MacysTestApplicationTests.xctest; sourceTree = BUILT_PRODUCTS_DIR; };
		7B6C04C518A35D6600A93EB4 /* XCTest.framework */ = {isa = PBXFileReference; lastKnownFileType = wrapper.framework; name = XCTest.framework; path = Library/Frameworks/XCTest.framework; sourceTree = DEVELOPER_DIR; };
		7B6C04CD18A35D6600A93EB4 /* MacysTestApplicationTests-Info.plist */ = {isa = PBXFileReference; lastKnownFileType = text.plist.xml; path = "MacysTestApplicationTests-Info.plist"; sourceTree = "<group>"; };
		7B6C04CF18A35D6600A93EB4 /* en */ = {isa = PBXFileReference; lastKnownFileType = text.plist.strings; name = en; path = en.lproj/InfoPlist.strings; sourceTree = "<group>"; };
		7B6C04D118A35D6600A93EB4 /* MacysTestApplicationTests.m */ = {isa = PBXFileReference; lastKnownFileType = sourcecode.c.objc; path = MacysTestApplicationTests.m; sourceTree = "<group>"; };
		7B6C04DF18A38B2400A93EB4 /* MTADetailViewController.h */ = {isa = PBXFileReference; fileEncoding = 4; lastKnownFileType = sourcecode.c.h; path = MTADetailViewController.h; sourceTree = "<group>"; };
		7B6C04E018A38B2400A93EB4 /* MTADetailViewController.m */ = {isa = PBXFileReference; fileEncoding = 4; lastKnownFileType = sourcecode.c.objc; path = MTADetailViewController.m; sourceTree = "<group>"; };
		7B6C04E118A38B2400A93EB4 /* MTADetailViewController.xib */ = {isa = PBXFileReference; fileEncoding = 4; lastKnownFileType = file.xib; path = MTADetailViewController.xib; sourceTree = "<group>"; };
/* End PBXFileReference section */

/* Begin PBXFrameworksBuildPhase section */
		7B6C04A018A35D6500A93EB4 /* Frameworks */ = {
			isa = PBXFrameworksBuildPhase;
			buildActionMask = 2147483647;
			files = (
				7B6C04A918A35D6500A93EB4 /* CoreGraphics.framework in Frameworks */,
				7B6C04AB18A35D6500A93EB4 /* UIKit.framework in Frameworks */,
				7B6C04A718A35D6500A93EB4 /* Foundation.framework in Frameworks */,
			);
			runOnlyForDeploymentPostprocessing = 0;
		};
		7B6C04C118A35D6600A93EB4 /* Frameworks */ = {
			isa = PBXFrameworksBuildPhase;
			buildActionMask = 2147483647;
			files = (
				7B6C04C618A35D6600A93EB4 /* XCTest.framework in Frameworks */,
				7B6C04C818A35D6600A93EB4 /* UIKit.framework in Frameworks */,
				7B6C04C718A35D6600A93EB4 /* Foundation.framework in Frameworks */,
			);
			runOnlyForDeploymentPostprocessing = 0;
		};
/* End PBXFrameworksBuildPhase section */

/* Begin PBXGroup section */
		7B6C049A18A35D6500A93EB4 = {
			isa = PBXGroup;
			children = (
				7B6C04AC18A35D6500A93EB4 /* MacysTestApplication */,
				7B6C04CB18A35D6600A93EB4 /* MacysTestApplicationTests */,
				7B6C04A518A35D6500A93EB4 /* Frameworks */,
				7B6C04A418A35D6500A93EB4 /* Products */,
			);
			sourceTree = "<group>";
		};
		7B6C04A418A35D6500A93EB4 /* Products */ = {
			isa = PBXGroup;
			children = (
				7B6C04A318A35D6500A93EB4 /* MacysTestApplication.app */,
				7B6C04C418A35D6600A93EB4 /* MacysTestApplicationTests.xctest */,
			);
			name = Products;
			sourceTree = "<group>";
		};
		7B6C04A518A35D6500A93EB4 /* Frameworks */ = {
			isa = PBXGroup;
			children = (
				7B6C04A618A35D6500A93EB4 /* Foundation.framework */,
				7B6C04A818A35D6500A93EB4 /* CoreGraphics.framework */,
				7B6C04AA18A35D6500A93EB4 /* UIKit.framework */,
				7B6C04C518A35D6600A93EB4 /* XCTest.framework */,
			);
			name = Frameworks;
			sourceTree = "<group>";
		};
		7B6C04AC18A35D6500A93EB4 /* MacysTestApplication */ = {
			isa = PBXGroup;
			children = (
				7B6C04DB18A35D8800A93EB4 /* View */,
				7B6C04DC18A35D9400A93EB4 /* Controller */,
				7B6C04B518A35D6500A93EB4 /* MTAAppDelegate.h */,
				7B6C04B618A35D6500A93EB4 /* MTAAppDelegate.m */,
				7B6C04B818A35D6500A93EB4 /* Main.storyboard */,
				7B6C04BE18A35D6500A93EB4 /* Images.xcassets */,
				7B6C04AD18A35D6500A93EB4 /* Supporting Files */,
			);
			path = MacysTestApplication;
			sourceTree = "<group>";
		};
		7B6C04AD18A35D6500A93EB4 /* Supporting Files */ = {
			isa = PBXGroup;
			children = (
				7B6C04AE18A35D6500A93EB4 /* MacysTestApplication-Info.plist */,
				7B6C04AF18A35D6500A93EB4 /* InfoPlist.strings */,
				7B6C04B218A35D6500A93EB4 /* main.m */,
				7B6C04B418A35D6500A93EB4 /* MacysTestApplication-Prefix.pch */,
			);
			name = "Supporting Files";
			sourceTree = "<group>";
		};
		7B6C04CB18A35D6600A93EB4 /* MacysTestApplicationTests */ = {
			isa = PBXGroup;
			children = (
				7B6C04D118A35D6600A93EB4 /* MacysTestApplicationTests.m */,
				7B6C04CC18A35D6600A93EB4 /* Supporting Files */,
			);
			path = MacysTestApplicationTests;
			sourceTree = "<group>";
		};
		7B6C04CC18A35D6600A93EB4 /* Supporting Files */ = {
			isa = PBXGroup;
			children = (
				7B6C04CD18A35D6600A93EB4 /* MacysTestApplicationTests-Info.plist */,
				7B6C04CE18A35D6600A93EB4 /* InfoPlist.strings */,
			);
			name = "Supporting Files";
			sourceTree = "<group>";
		};
		7B6C04DB18A35D8800A93EB4 /* View */ = {
			isa = PBXGroup;
			children = (
				7B6C04E118A38B2400A93EB4 /* MTADetailViewController.xib */,
			);
			name = View;
			sourceTree = "<group>";
		};
		7B6C04DC18A35D9400A93EB4 /* Controller */ = {
			isa = PBXGroup;
			children = (
				7B6C04BB18A35D6500A93EB4 /* MTAHomeViewController.h */,
				7B6C04BC18A35D6500A93EB4 /* MTAHomeViewController.m */,
				7B6C04DF18A38B2400A93EB4 /* MTADetailViewController.h */,
				7B6C04E018A38B2400A93EB4 /* MTADetailViewController.m */,
			);
			name = Controller;
			sourceTree = "<group>";
		};
/* End PBXGroup section */

/* Begin PBXNativeTarget section */
		7B6C04A218A35D6500A93EB4 /* MacysTestApplication */ = {
			isa = PBXNativeTarget;
			buildConfigurationList = 7B6C04D518A35D6600A93EB4 /* Build configuration list for PBXNativeTarget "MacysTestApplication" */;
			buildPhases = (
				7B6C049F18A35D6500A93EB4 /* Sources */,
				7B6C04A018A35D6500A93EB4 /* Frameworks */,
				7B6C04A118A35D6500A93EB4 /* Resources */,
			);
			buildRules = (
			);
			dependencies = (
			);
			name = MacysTestApplication;
			productName = MacysTestApplication;
			productReference = 7B6C04A318A35D6500A93EB4 /* MacysTestApplication.app */;
			productType = "com.apple.product-type.application";
		};
		7B6C04C318A35D6600A93EB4 /* MacysTestApplicationTests */ = {
			isa = PBXNativeTarget;
			buildConfigurationList = 7B6C04D818A35D6600A93EB4 /* Build configuration list for PBXNativeTarget "MacysTestApplicationTests" */;
			buildPhases = (
				7B6C04C018A35D6600A93EB4 /* Sources */,
				7B6C04C118A35D6600A93EB4 /* Frameworks */,
				7B6C04C218A35D6600A93EB4 /* Resources */,
			);
			buildRules = (
			);
			dependencies = (
				7B6C04CA18A35D6600A93EB4 /* PBXTargetDependency */,
			);
			name = MacysTestApplicationTests;
			productName = MacysTestApplicationTests;
			productReference = 7B6C04C418A35D6600A93EB4 /* MacysTestApplicationTests.xctest */;
			productType = "com.apple.product-type.bundle.unit-test";
		};
/* End PBXNativeTarget section */

/* Begin PBXProject section */
		7B6C049B18A35D6500A93EB4 /* Project object */ = {
			isa = PBXProject;
			attributes = {
				CLASSPREFIX = MTA;
				LastUpgradeCheck = 0500;
				ORGANIZATIONNAME = cts;
				TargetAttributes = {
					7B6C04C318A35D6600A93EB4 = {
						TestTargetID = 7B6C04A218A35D6500A93EB4;
					};
				};
			};
			buildConfigurationList = 7B6C049E18A35D6500A93EB4 /* Build configuration list for PBXProject "MacysTestApplication" */;
			compatibilityVersion = "Xcode 3.2";
			developmentRegion = English;
			hasScannedForEncodings = 0;
			knownRegions = (
				en,
				Base,
			);
			mainGroup = 7B6C049A18A35D6500A93EB4;
			productRefGroup = 7B6C04A418A35D6500A93EB4 /* Products */;
			projectDirPath = "";
			projectRoot = "";
			targets = (
				7B6C04A218A35D6500A93EB4 /* MacysTestApplication */,
				7B6C04C318A35D6600A93EB4 /* MacysTestApplicationTests */,
			);
		};
/* End PBXProject section */

/* Begin PBXResourcesBuildPhase section */
		7B6C04A118A35D6500A93EB4 /* Resources */ = {
			isa = PBXResourcesBuildPhase;
			buildActionMask = 2147483647;
			files = (
				7B6C04E318A38B2400A93EB4 /* MTADetailViewController.xib in Resources */,
				7B6C04BF18A35D6500A93EB4 /* Images.xcassets in Resources */,
				7B6C04B118A35D6500A93EB4 /* InfoPlist.strings in Resources */,
				7B6C04BA18A35D6500A93EB4 /* Main.storyboard in Resources */,
			);
			runOnlyForDeploymentPostprocessing = 0;
		};
		7B6C04C218A35D6600A93EB4 /* Resources */ = {
			isa = PBXResourcesBuildPhase;
			buildActionMask = 2147483647;
			files = (
				7B6C04D018A35D6600A93EB4 /* InfoPlist.strings in Resources */,
			);
			runOnlyForDeploymentPostprocessing = 0;
		};
/* End PBXResourcesBuildPhase section */

/* Begin PBXSourcesBuildPhase section */
		7B6C049F18A35D6500A93EB4 /* Sources */ = {
			isa = PBXSourcesBuildPhase;
			buildActionMask = 2147483647;
			files = (
				7B6C04E218A38B2400A93EB4 /* MTADetailViewController.m in Sources */,
				7B6C04BD18A35D6500A93EB4 /* MTAHomeViewController.m in Sources */,
				7B6C04B318A35D6500A93EB4 /* main.m in Sources */,
				7B6C04B718A35D6500A93EB4 /* MTAAppDelegate.m in Sources */,
			);
			runOnlyForDeploymentPostprocessing = 0;
		};
		7B6C04C018A35D6600A93EB4 /* Sources */ = {
			isa = PBXSourcesBuildPhase;
			buildActionMask = 2147483647;
			files = (
				7B6C04D218A35D6600A93EB4 /* MacysTestApplicationTests.m in Sources */,
			);
			runOnlyForDeploymentPostprocessing = 0;
		};
/* End PBXSourcesBuildPhase section */

/* Begin PBXTargetDependency section */
		7B6C04CA18A35D6600A93EB4 /* PBXTargetDependency */ = {
			isa = PBXTargetDependency;
			target = 7B6C04A218A35D6500A93EB4 /* MacysTestApplication */;
			targetProxy = 7B6C04C918A35D6600A93EB4 /* PBXContainerItemProxy */;
		};
/* End PBXTargetDependency section */

/* Begin PBXVariantGroup section */
		7B6C04AF18A35D6500A93EB4 /* InfoPlist.strings */ = {
			isa = PBXVariantGroup;
			children = (
				7B6C04B018A35D6500A93EB4 /* en */,
			);
			name = InfoPlist.strings;
			sourceTree = "<group>";
		};
		7B6C04B818A35D6500A93EB4 /* Main.storyboard */ = {
			isa = PBXVariantGroup;
			children = (
				7B6C04B918A35D6500A93EB4 /* Base */,
			);
			name = Main.storyboard;
			sourceTree = "<group>";
		};
		7B6C04CE18A35D6600A93EB4 /* InfoPlist.strings */ = {
			isa = PBXVariantGroup;
			children = (
				7B6C04CF18A35D6600A93EB4 /* en */,
			);
			name = InfoPlist.strings;
			sourceTree = "<group>";
		};
/* End PBXVariantGroup section */

/* Begin XCBuildConfiguration section */
		7B6C04D318A35D6600A93EB4 /* Debug */ = {
			isa = XCBuildConfiguration;
			buildSettings = {
				ALWAYS_SEARCH_USER_PATHS = NO;
				CLANG_CXX_LANGUAGE_STANDARD = "gnu++0x";
				CLANG_CXX_LIBRARY = "libc++";
				CLANG_ENABLE_MODULES = YES;
				CLANG_ENABLE_OBJC_ARC = YES;
				CLANG_WARN_BOOL_CONVERSION = YES;
				CLANG_WARN_CONSTANT_CONVERSION = YES;
				CLANG_WARN_DIRECT_OBJC_ISA_USAGE = YES_ERROR;
				CLANG_WARN_EMPTY_BODY = YES;
				CLANG_WARN_ENUM_CONVERSION = YES;
				CLANG_WARN_INT_CONVERSION = YES;
				CLANG_WARN_OBJC_ROOT_CLASS = YES_ERROR;
				CLANG_WARN__DUPLICATE_METHOD_MATCH = YES;
				"CODE_SIGN_IDENTITY[sdk=iphoneos*]" = "iPhone Developer";
				COPY_PHASE_STRIP = NO;
				GCC_C_LANGUAGE_STANDARD = gnu99;
				GCC_DYNAMIC_NO_PIC = NO;
				GCC_OPTIMIZATION_LEVEL = 0;
				GCC_PREPROCESSOR_DEFINITIONS = (
					"DEBUG=1",
					"$(inherited)",
				);
				GCC_SYMBOLS_PRIVATE_EXTERN = NO;
				GCC_WARN_ABOUT_RETURN_TYPE = YES_ERROR;
				GCC_WARN_UNDECLARED_SELECTOR = YES;
				GCC_WARN_UNINITIALIZED_AUTOS = YES;
				GCC_WARN_UNUSED_FUNCTION = YES;
				GCC_WARN_UNUSED_VARIABLE = YES;
				IPHONEOS_DEPLOYMENT_TARGET = 7.0;
				ONLY_ACTIVE_ARCH = YES;
				SDKROOT = iphoneos;
			};
			name = Debug;
		};
		7B6C04D418A35D6600A93EB4 /* Release */ = {
			isa = XCBuildConfiguration;
			buildSettings = {
				ALWAYS_SEARCH_USER_PATHS = NO;
				CLANG_CXX_LANGUAGE_STANDARD = "gnu++0x";
				CLANG_CXX_LIBRARY = "libc++";
				CLANG_ENABLE_MODULES = YES;
				CLANG_ENABLE_OBJC_ARC = YES;
				CLANG_WARN_BOOL_CONVERSION = YES;
				CLANG_WARN_CONSTANT_CONVERSION = YES;
				CLANG_WARN_DIRECT_OBJC_ISA_USAGE = YES_ERROR;
				CLANG_WARN_EMPTY_BODY = YES;
				CLANG_WARN_ENUM_CONVERSION = YES;
				CLANG_WARN_INT_CONVERSION = YES;
				CLANG_WARN_OBJC_ROOT_CLASS = YES_ERROR;
				CLANG_WARN__DUPLICATE_METHOD_MATCH = YES;
				"CODE_SIGN_IDENTITY[sdk=iphoneos*]" = "iPhone Developer";
				COPY_PHASE_STRIP = YES;
				ENABLE_NS_ASSERTIONS = NO;
				GCC_C_LANGUAGE_STANDARD = gnu99;
				GCC_WARN_ABOUT_RETURN_TYPE = YES_ERROR;
				GCC_WARN_UNDECLARED_SELECTOR = YES;
				GCC_WARN_UNINITIALIZED_AUTOS = YES;
				GCC_WARN_UNUSED_FUNCTION = YES;
				GCC_WARN_UNUSED_VARIABLE = YES;
				IPHONEOS_DEPLOYMENT_TARGET = 7.0;
				SDKROOT = iphoneos;
				VALIDATE_PRODUCT = YES;
			};
			name = Release;
		};
		7B6C04D618A35D6600A93EB4 /* Debug */ = {
			isa = XCBuildConfiguration;
			buildSettings = {
				ASSETCATALOG_COMPILER_APPICON_NAME = AppIcon;
				ASSETCATALOG_COMPILER_LAUNCHIMAGE_NAME = LaunchImage;
				GCC_PRECOMPILE_PREFIX_HEADER = YES;
				GCC_PREFIX_HEADER = "MacysTestApplication/MacysTestApplication-Prefix.pch";
				INFOPLIST_FILE = "MacysTestApplication/MacysTestApplication-Info.plist";
				IPHONEOS_DEPLOYMENT_TARGET = 6.0;
				PRODUCT_NAME = "$(TARGET_NAME)";
				WRAPPER_EXTENSION = app;
			};
			name = Debug;
		};
		7B6C04D718A35D6600A93EB4 /* Release */ = {
			isa = XCBuildConfiguration;
			buildSettings = {
				ASSETCATALOG_COMPILER_APPICON_NAME = AppIcon;
				ASSETCATALOG_COMPILER_LAUNCHIMAGE_NAME = LaunchImage;
				GCC_PRECOMPILE_PREFIX_HEADER = YES;
				GCC_PREFIX_HEADER = "MacysTestApplication/MacysTestApplication-Prefix.pch";
				INFOPLIST_FILE = "MacysTestApplication/MacysTestApplication-Info.plist";
				IPHONEOS_DEPLOYMENT_TARGET = 6.0;
				PRODUCT_NAME = "$(TARGET_NAME)";
				WRAPPER_EXTENSION = app;
			};
			name = Release;
		};
		7B6C04D918A35D6600A93EB4 /* Debug */ = {
			isa = XCBuildConfiguration;
			buildSettings = {
				BUNDLE_LOADER = "$(BUILT_PRODUCTS_DIR)/MacysTestApplication.app/MacysTestApplication";
				FRAMEWORK_SEARCH_PATHS = (
					"$(SDKROOT)/Developer/Library/Frameworks",
					"$(inherited)",
					"$(DEVELOPER_FRAMEWORKS_DIR)",
				);
				GCC_PRECOMPILE_PREFIX_HEADER = YES;
				GCC_PREFIX_HEADER = "MacysTestApplication/MacysTestApplication-Prefix.pch";
				GCC_PREPROCESSOR_DEFINITIONS = (
					"DEBUG=1",
					"$(inherited)",
				);
				INFOPLIST_FILE = "MacysTestApplicationTests/MacysTestApplicationTests-Info.plist";
				PRODUCT_NAME = "$(TARGET_NAME)";
				TEST_HOST = "$(BUNDLE_LOADER)";
				WRAPPER_EXTENSION = xctest;
			};
			name = Debug;
		};
		7B6C04DA18A35D6600A93EB4 /* Release */ = {
			isa = XCBuildConfiguration;
			buildSettings = {
				BUNDLE_LOADER = "$(BUILT_PRODUCTS_DIR)/MacysTestApplication.app/MacysTestApplication";
				FRAMEWORK_SEARCH_PATHS = (
					"$(SDKROOT)/Developer/Library/Frameworks",
					"$(inherited)",
					"$(DEVELOPER_FRAMEWORKS_DIR)",
				);
				GCC_PRECOMPILE_PREFIX_HEADER = YES;
				GCC_PREFIX_HEADER = "MacysTestApplication/MacysTestApplication-Prefix.pch";
				INFOPLIST_FILE = "MacysTestApplicationTests/MacysTestApplicationTests-Info.plist";
				PRODUCT_NAME = "$(TARGET_NAME)";
				TEST_HOST = "$(BUNDLE_LOADER)";
				WRAPPER_EXTENSION = xctest;
			};
			name = Release;
		};
/* End XCBuildConfiguration section */

/* Begin XCConfigurationList section */
		7B6C049E18A35D6500A93EB4 /* Build configuration list for PBXProject "MacysTestApplication" */ = {
			isa = XCConfigurationList;
			buildConfigurations = (
				7B6C04D318A35D6600A93EB4 /* Debug */,
				7B6C04D418A35D6600A93EB4 /* Release */,
			);
			defaultConfigurationIsVisible = 0;
			defaultConfigurationName = Release;
		};
		7B6C04D518A35D6600A93EB4 /* Build configuration list for PBXNativeTarget "MacysTestApplication" */ = {
			isa = XCConfigurationList;
			buildConfigurations = (
				7B6C04D618A35D6600A93EB4 /* Debug */,
				7B6C04D718A35D6600A93EB4 /* Release */,
			);
			defaultConfigurationIsVisible = 0;
			defaultConfigurationName = Release;
		};
		7B6C04D818A35D6600A93EB4 /* Build configuration list for PBXNativeTarget "MacysTestApplicationTests" */ = {
			isa = XCConfigurationList;
			buildConfigurations = (
				7B6C04D918A35D6600A93EB4 /* Debug */,
				7B6C04DA18A35D6600A93EB4 /* Release */,
			);
			defaultConfigurationIsVisible = 0;
			defaultConfigurationName = Release;
		};
/* End XCConfigurationList section */
	};
	rootObject = 7B6C049B18A35D6500A93EB4 /* Project object */;
}
